
Microsoft Visual Studio Solution File, Format Version 12.00
# Visual Studio Version 17
VisualStudioVersion = 17.3.32901.215
MinimumVisualStudioVersion = 10.0.40219.1
Project("{FAE04EC0-301F-11D3-BF4B-00C04F79EFBC}") = "fcheck", "fcheck\fcheck.csproj", "{C3B17C21-9135-4456-953C-8B59059F3FAE}"
EndProject
Global
	GlobalSection(SolutionConfigurationPlatforms) = preSolution
		Debug|Any CPU = Debug|Any CPU
		Release|Any CPU = Release|Any CPU
	EndGlobalSection
	GlobalSection(ProjectConfigurationPlatforms) = postSolution
		{C3B17C21-9135-4456-953C-8B59059F3FAE}.Debug|Any CPU.ActiveCfg = Debug|Any CPU
		{C3B17C21-9135-4456-953C-8B59059F3FAE}.Debug|Any CPU.Build.0 = Debug|Any CPU
		{C3B17C21-9135-4456-953C-8B59059F3FAE}.Release|Any CPU.ActiveCfg = Release|Any CPU
		{C3B17C21-9135-4456-953C-8B59059F3FAE}.Release|Any CPU.Build.0 = Release|Any CPU
	EndGlobalSection
	GlobalSection(SolutionProperties) = preSolution
		HideSolutionNode = FALSE
	EndGlobalSection
	GlobalSection(ExtensibilityGlobals) = postSolution
		SolutionGuid = {581C72BF-990C-4FF4-B7B7-A70FD8A20586}
	EndGlobalSection
EndGlobal
